{
  "nodes": {
    "emacs-overlay": {
      "locked": {
        "lastModified": 1628270983,
        "narHash": "sha256-dW14suc7y4mVdtmgKWiXnitE0bCAbDnD5X6ZNyA9srA=",
        "owner": "nix-community",
        "repo": "emacs-overlay",
        "rev": "e240bc9ff1f36646c8a56895f706528f773d260b",
        "type": "github"
      },
      "original": {
        "owner": "nix-community",
        "repo": "emacs-overlay",
        "type": "github"
      }
    },
    "home-manager": {
      "inputs": {
        "nixpkgs": [
          "nixpkgs"
        ]
      },
      "locked": {
        "lastModified": 1627592512,
        "narHash": "sha256-+bauwACGl+/dTQB047XImRz5P6Lp6vxl5ruiKjtENxo=",
        "owner": "nix-community",
        "repo": "home-manager",
        "rev": "7f976da06840c268cc291a021bab7532b923713c",
        "type": "github"
      },
      "original": {
        "owner": "nix-community",
        "repo": "home-manager",
        "type": "github"
      }
    },
    "nixpkgs": {
      "locked": {
        "lastModified": 1628199198,
        "narHash": "sha256-DkMFcm5VdqbausjUjyHWGBlcXNw/EMFiQpiCY5KKtMo=",
        "owner": "nixos",
        "repo": "nixpkgs",
        "rev": "439b1605227b8adb1357b55ce8529d541abbe9eb",
        "type": "github"
      },
      "original": {
        "owner": "nixos",
        "ref": "nixos-unstable",
        "repo": "nixpkgs",
        "type": "github"
      }
    },
    "nixpkgs-stable": {
      "locked": {
        "lastModified": 1625876282,
        "narHash": "sha256-z/Gv+11Uzdv3HcQCY+xGi1+iuc3rmCaPzxxDSMnuRAI=",
        "owner": "nixos",
        "repo": "nixpkgs",
        "rev": "068984c00e0d4e54b6684d98f6ac47c92dcb642e",
        "type": "github"
      },
      "original": {
        "owner": "nixos",
        "ref": "nixos-20.09",
        "repo": "nixpkgs",
        "type": "github"
      }
    },
    "nur": {
      "locked": {
        "lastModified": 1628266955,
        "narHash": "sha256-rOQSS+TT6DSJJMaGOs8ndyYY9SAzPNNrt8N6QF/qsMA=",
        "owner": "nix-community",
        "repo": "NUR",
        "rev": "feeadb80934de090cbc71a16f4a428f65c3d30f2",
        "type": "github"
      },
      "original": {
        "owner": "nix-community",
        "repo": "NUR",
        "type": "github"
      }
    },
    "root": {
      "inputs": {
        "emacs-overlay": "emacs-overlay",
        "home-manager": "home-manager",
        "nixpkgs": "nixpkgs",
        "nixpkgs-stable": "nixpkgs-stable",
        "nur": "nur"
      }
    }
  },
  "root": "root",
  "version": 7
}
