{
  "nodes": {
    "emacs-overlay": {
      "locked": {
        "lastModified": 1630085087,
        "narHash": "sha256-MefgAOY2O2DUkEiu3hhlFA6bXubafjvPl0DOnT5an9Q=",
        "owner": "nix-community",
        "repo": "emacs-overlay",
        "rev": "aba81cffe1e6554c7712dca1d973e347e02fe76c",
        "type": "github"
      },
      "original": {
        "owner": "nix-community",
        "repo": "emacs-overlay",
        "type": "github"
      }
    },
    "home-manager": {
      "inputs": {
        "nixpkgs": [
          "nixpkgs"
        ]
      },
      "locked": {
        "lastModified": 1630030114,
        "narHash": "sha256-t5lptbv7rtNSawdwoA2JUAiqXgLYAO+dGqp8KRtOaDA=",
        "owner": "nix-community",
        "repo": "home-manager",
        "rev": "33db7cc6a66d1c1cb77c23ae8e18cefd0425a0c8",
        "type": "github"
      },
      "original": {
        "owner": "nix-community",
        "repo": "home-manager",
        "type": "github"
      }
    },
    "nixpkgs": {
      "locked": {
        "lastModified": 1629880049,
        "narHash": "sha256-HOxVkROGlDA57D0Tg/0nus938o4HzmqacOiCoT1H5tE=",
        "owner": "nixos",
        "repo": "nixpkgs",
        "rev": "88226ea038e538e09c272a7c56ba73c3f5eed57f",
        "type": "github"
      },
      "original": {
        "owner": "nixos",
        "ref": "nixos-unstable",
        "repo": "nixpkgs",
        "type": "github"
      }
    },
    "nixpkgs-stable": {
      "locked": {
        "lastModified": 1625876282,
        "narHash": "sha256-z/Gv+11Uzdv3HcQCY+xGi1+iuc3rmCaPzxxDSMnuRAI=",
        "owner": "nixos",
        "repo": "nixpkgs",
        "rev": "068984c00e0d4e54b6684d98f6ac47c92dcb642e",
        "type": "github"
      },
      "original": {
        "owner": "nixos",
        "ref": "nixos-20.09",
        "repo": "nixpkgs",
        "type": "github"
      }
    },
    "nur": {
      "locked": {
        "lastModified": 1630076626,
        "narHash": "sha256-N0kRzxqgxdOIwk3gOU/jFfeMYXMNDbReteA9ougq4nw=",
        "owner": "nix-community",
        "repo": "NUR",
        "rev": "347bb6c799ff5fe5d5ab469894b6a661890305be",
        "type": "github"
      },
      "original": {
        "owner": "nix-community",
        "repo": "NUR",
        "type": "github"
      }
    },
    "root": {
      "inputs": {
        "emacs-overlay": "emacs-overlay",
        "home-manager": "home-manager",
        "nixpkgs": "nixpkgs",
        "nixpkgs-stable": "nixpkgs-stable",
        "nur": "nur"
      }
    }
  },
  "root": "root",
  "version": 7
}
