{
  "nodes": {
    "emacs-overlay": {
      "locked": {
        "lastModified": 1613737639,
        "narHash": "sha256-qS1rPk539OXoyv2G8KR1+L0FCexuXx/uSmn/2ivPmfQ=",
        "owner": "nix-community",
        "repo": "emacs-overlay",
        "rev": "d0abad737a34e9811c39eb3d473e951597227f08",
        "type": "github"
      },
      "original": {
        "owner": "nix-community",
        "repo": "emacs-overlay",
        "type": "github"
      }
    },
    "home-manager": {
      "inputs": {
        "nixpkgs": [
          "nixpkgs"
        ]
      },
      "locked": {
        "lastModified": 1613724766,
        "narHash": "sha256-nJU1opMmo6et8gYOGSmVlmD7WVOfCiveFYaoItQkd6o=",
        "owner": "nix-community",
        "repo": "home-manager",
        "rev": "55030c83024bf2d10ff86f3874b91794b9d32722",
        "type": "github"
      },
      "original": {
        "owner": "nix-community",
        "repo": "home-manager",
        "type": "github"
      }
    },
    "nixpkgs": {
      "locked": {
        "lastModified": 1613582597,
        "narHash": "sha256-6LvipIvFuhyorHpUqK3HjySC5Y6gshXHFBhU9EJ4DoM=",
        "owner": "nixos",
        "repo": "nixpkgs",
        "rev": "6b1057b452c55bb3b463f0d7055bc4ec3fd1f381",
        "type": "github"
      },
      "original": {
        "owner": "nixos",
        "ref": "nixos-unstable",
        "repo": "nixpkgs",
        "type": "github"
      }
    },
    "nixpkgs-stable": {
      "locked": {
        "lastModified": 1613689379,
        "narHash": "sha256-cO5Wmp/w7W8LHq/sNMg0BaOfDsXahP21I0QxuaWFX5o=",
        "owner": "nixos",
        "repo": "nixpkgs",
        "rev": "6bebc91e2882e0b4917567d0c025bbfafb01be69",
        "type": "github"
      },
      "original": {
        "owner": "nixos",
        "ref": "nixos-20.09",
        "repo": "nixpkgs",
        "type": "github"
      }
    },
    "nur": {
      "locked": {
        "lastModified": 1613757137,
        "narHash": "sha256-mzWm6LTuWDLPhg4diMR6emPwOVu7lF27NbjCm8+QiRk=",
        "owner": "nix-community",
        "repo": "NUR",
        "rev": "d310c72510225c46a09d41188d06278b96b24295",
        "type": "github"
      },
      "original": {
        "owner": "nix-community",
        "repo": "NUR",
        "type": "github"
      }
    },
    "root": {
      "inputs": {
        "emacs-overlay": "emacs-overlay",
        "home-manager": "home-manager",
        "nixpkgs": "nixpkgs",
        "nixpkgs-stable": "nixpkgs-stable",
        "nur": "nur"
      }
    }
  },
  "root": "root",
  "version": 7
}
